
Microsoft Visual Studio Solution File, Format Version 12.00
# Visual Studio Version 16
VisualStudioVersion = 16.0.29911.84
MinimumVisualStudioVersion = 10.0.40219.1
Project("{FAE04EC0-301F-11D3-BF4B-00C04F79EFBC}") = "CafeApp.Web", "CafeApp.Web\CafeApp.Web.csproj", "{0A10BFC4-2967-444C-83A5-FCF7854E0EE4}"
EndProject
Project("{FAE04EC0-301F-11D3-BF4B-00C04F79EFBC}") = "CafeApp.Infrastructure", "CafeApp.Infrastructure\CafeApp.Infrastructure.csproj", "{C4035165-0BB6-4E5F-8CF1-62D4D9BC3528}"
EndProject
Project("{FAE04EC0-301F-11D3-BF4B-00C04F79EFBC}") = "CafeApp.Model", "CafeApp.Model\CafeApp.Model.csproj", "{D312BAF2-83A0-4430-A2C8-F9C49B3F3D66}"
EndProject
Project("{FAE04EC0-301F-11D3-BF4B-00C04F79EFBC}") = "CafeApp_Customer.Web", "CafeApp_Customer.Web\CafeApp_Customer.Web.csproj", "{5721CB39-28DA-4AAE-AED3-2E3EA1C433BB}"
EndProject
Project("{FAE04EC0-301F-11D3-BF4B-00C04F79EFBC}") = "CafeApp_Cashier.Web", "CafeApp_Cashier.Web\CafeApp_Cashier.Web.csproj", "{6A442F00-A268-442F-81A9-147E36CF518A}"
EndProject
Global
	GlobalSection(SolutionConfigurationPlatforms) = preSolution
		Debug|Any CPU = Debug|Any CPU
		Release|Any CPU = Release|Any CPU
	EndGlobalSection
	GlobalSection(ProjectConfigurationPlatforms) = postSolution
		{0A10BFC4-2967-444C-83A5-FCF7854E0EE4}.Debug|Any CPU.ActiveCfg = Debug|Any CPU
		{0A10BFC4-2967-444C-83A5-FCF7854E0EE4}.Debug|Any CPU.Build.0 = Debug|Any CPU
		{0A10BFC4-2967-444C-83A5-FCF7854E0EE4}.Release|Any CPU.ActiveCfg = Release|Any CPU
		{0A10BFC4-2967-444C-83A5-FCF7854E0EE4}.Release|Any CPU.Build.0 = Release|Any CPU
		{C4035165-0BB6-4E5F-8CF1-62D4D9BC3528}.Debug|Any CPU.ActiveCfg = Debug|Any CPU
		{C4035165-0BB6-4E5F-8CF1-62D4D9BC3528}.Debug|Any CPU.Build.0 = Debug|Any CPU
		{C4035165-0BB6-4E5F-8CF1-62D4D9BC3528}.Release|Any CPU.ActiveCfg = Release|Any CPU
		{C4035165-0BB6-4E5F-8CF1-62D4D9BC3528}.Release|Any CPU.Build.0 = Release|Any CPU
		{D312BAF2-83A0-4430-A2C8-F9C49B3F3D66}.Debug|Any CPU.ActiveCfg = Debug|Any CPU
		{D312BAF2-83A0-4430-A2C8-F9C49B3F3D66}.Debug|Any CPU.Build.0 = Debug|Any CPU
		{D312BAF2-83A0-4430-A2C8-F9C49B3F3D66}.Release|Any CPU.ActiveCfg = Release|Any CPU
		{D312BAF2-83A0-4430-A2C8-F9C49B3F3D66}.Release|Any CPU.Build.0 = Release|Any CPU
		{5721CB39-28DA-4AAE-AED3-2E3EA1C433BB}.Debug|Any CPU.ActiveCfg = Debug|Any CPU
		{5721CB39-28DA-4AAE-AED3-2E3EA1C433BB}.Debug|Any CPU.Build.0 = Debug|Any CPU
		{5721CB39-28DA-4AAE-AED3-2E3EA1C433BB}.Release|Any CPU.ActiveCfg = Release|Any CPU
		{5721CB39-28DA-4AAE-AED3-2E3EA1C433BB}.Release|Any CPU.Build.0 = Release|Any CPU
		{6A442F00-A268-442F-81A9-147E36CF518A}.Debug|Any CPU.ActiveCfg = Debug|Any CPU
		{6A442F00-A268-442F-81A9-147E36CF518A}.Debug|Any CPU.Build.0 = Debug|Any CPU
		{6A442F00-A268-442F-81A9-147E36CF518A}.Release|Any CPU.ActiveCfg = Release|Any CPU
		{6A442F00-A268-442F-81A9-147E36CF518A}.Release|Any CPU.Build.0 = Release|Any CPU
	EndGlobalSection
	GlobalSection(SolutionProperties) = preSolution
		HideSolutionNode = FALSE
	EndGlobalSection
	GlobalSection(ExtensibilityGlobals) = postSolution
		SolutionGuid = {F454F99A-2A92-4A7E-B60E-CD5312A98BF5}
	EndGlobalSection
EndGlobal
